
Microsoft Visual Studio Solution File, Format Version 12.00
# Visual Studio Version 17
VisualStudioVersion = 17.9.34723.18
MinimumVisualStudioVersion = 10.0.40219.1
Project("{8BC9CEB8-8B4A-11D0-8D11-00A0C91BC942}") = "子串简写", "子串简写.vcxproj", "{4DDDECA6-3EAF-47D4-A881-542EC3A51176}"
EndProject
Global
	GlobalSection(SolutionConfigurationPlatforms) = preSolution
		Debug|x64 = Debug|x64
		Debug|x86 = Debug|x86
		Release|x64 = Release|x64
		Release|x86 = Release|x86
	EndGlobalSection
	GlobalSection(ProjectConfigurationPlatforms) = postSolution
		{4DDDECA6-3EAF-47D4-A881-542EC3A51176}.Debug|x64.ActiveCfg = Debug|x64
		{4DDDECA6-3EAF-47D4-A881-542EC3A51176}.Debug|x64.Build.0 = Debug|x64
		{4DDDECA6-3EAF-47D4-A881-542EC3A51176}.Debug|x86.ActiveCfg = Debug|Win32
		{4DDDECA6-3EAF-47D4-A881-542EC3A51176}.Debug|x86.Build.0 = Debug|Win32
		{4DDDECA6-3EAF-47D4-A881-542EC3A51176}.Release|x64.ActiveCfg = Release|x64
		{4DDDECA6-3EAF-47D4-A881-542EC3A51176}.Release|x64.Build.0 = Release|x64
		{4DDDECA6-3EAF-47D4-A881-542EC3A51176}.Release|x86.ActiveCfg = Release|Win32
		{4DDDECA6-3EAF-47D4-A881-542EC3A51176}.Release|x86.Build.0 = Release|Win32
	EndGlobalSection
	GlobalSection(SolutionProperties) = preSolution
		HideSolutionNode = FALSE
	EndGlobalSection
	GlobalSection(ExtensibilityGlobals) = postSolution
		SolutionGuid = {D54D19CB-9A2D-4AFD-999C-CA2E6BEA7CC5}
	EndGlobalSection
EndGlobal
