
Microsoft Visual Studio Solution File, Format Version 12.00
# Visual Studio Version 17
VisualStudioVersion = 17.8.34408.163
MinimumVisualStudioVersion = 10.0.40219.1
Project("{8BC9CEB8-8B4A-11D0-8D11-00A0C91BC942}") = "工作时长2", "工作时长2.vcxproj", "{06DD59BF-8E55-45BF-A139-950CB4DD1DA5}"
EndProject
Global
	GlobalSection(SolutionConfigurationPlatforms) = preSolution
		Debug|x64 = Debug|x64
		Debug|x86 = Debug|x86
		Release|x64 = Release|x64
		Release|x86 = Release|x86
	EndGlobalSection
	GlobalSection(ProjectConfigurationPlatforms) = postSolution
		{06DD59BF-8E55-45BF-A139-950CB4DD1DA5}.Debug|x64.ActiveCfg = Debug|x64
		{06DD59BF-8E55-45BF-A139-950CB4DD1DA5}.Debug|x64.Build.0 = Debug|x64
		{06DD59BF-8E55-45BF-A139-950CB4DD1DA5}.Debug|x86.ActiveCfg = Debug|Win32
		{06DD59BF-8E55-45BF-A139-950CB4DD1DA5}.Debug|x86.Build.0 = Debug|Win32
		{06DD59BF-8E55-45BF-A139-950CB4DD1DA5}.Release|x64.ActiveCfg = Release|x64
		{06DD59BF-8E55-45BF-A139-950CB4DD1DA5}.Release|x64.Build.0 = Release|x64
		{06DD59BF-8E55-45BF-A139-950CB4DD1DA5}.Release|x86.ActiveCfg = Release|Win32
		{06DD59BF-8E55-45BF-A139-950CB4DD1DA5}.Release|x86.Build.0 = Release|Win32
	EndGlobalSection
	GlobalSection(SolutionProperties) = preSolution
		HideSolutionNode = FALSE
	EndGlobalSection
	GlobalSection(ExtensibilityGlobals) = postSolution
		SolutionGuid = {3895A51C-0431-4334-955F-2470A13C4426}
	EndGlobalSection
EndGlobal
